{
  "pins" : [
    {
      "identity" : "adwaita",
      "kind" : "remoteSourceControl",
      "location" : "https://github.com/AparokshaUI/Adwaita",
      "state" : {
        "branch" : "main",
        "revision" : "dc41f50c5224698061c48d61793c91478b5aca2b"
      }
    },
    {
      "identity" : "levenshteintransformations",
      "kind" : "remoteSourceControl",
      "location" : "https://github.com/david-swift/LevenshteinTransformations",
      "state" : {
        "revision" : "a88dee4c4b4cbebdb447f900bb2d5ed8c09687b0",
        "version" : "0.1.1"
      }
    }
  ],
  "version" : 2
}
